
Microsoft Visual Studio Solution File, Format Version 12.00
# Visual Studio Version 17
VisualStudioVersion = 17.2.32616.157
MinimumVisualStudioVersion = 10.0.40219.1
Project("{9A19103F-16F7-4668-BE54-9A1E7A4F7556}") = "Explicacion", "Explicacion\Explicacion.csproj", "{37CECEA5-2A4E-484F-996C-A6615FDC0A1E}"
EndProject
Project("{FAE04EC0-301F-11D3-BF4B-00C04F79EFBC}") = "Ejemplo - Aula", "Ejemplo - Aula\Ejemplo - Aula.csproj", "{65BDACDE-99E9-4403-9E9D-EC119A981D86}"
EndProject
Global
	GlobalSection(SolutionConfigurationPlatforms) = preSolution
		Debug|Any CPU = Debug|Any CPU
		Release|Any CPU = Release|Any CPU
	EndGlobalSection
	GlobalSection(ProjectConfigurationPlatforms) = postSolution
		{37CECEA5-2A4E-484F-996C-A6615FDC0A1E}.Debug|Any CPU.ActiveCfg = Debug|Any CPU
		{37CECEA5-2A4E-484F-996C-A6615FDC0A1E}.Debug|Any CPU.Build.0 = Debug|Any CPU
		{37CECEA5-2A4E-484F-996C-A6615FDC0A1E}.Release|Any CPU.ActiveCfg = Release|Any CPU
		{37CECEA5-2A4E-484F-996C-A6615FDC0A1E}.Release|Any CPU.Build.0 = Release|Any CPU
		{65BDACDE-99E9-4403-9E9D-EC119A981D86}.Debug|Any CPU.ActiveCfg = Debug|Any CPU
		{65BDACDE-99E9-4403-9E9D-EC119A981D86}.Debug|Any CPU.Build.0 = Debug|Any CPU
		{65BDACDE-99E9-4403-9E9D-EC119A981D86}.Release|Any CPU.ActiveCfg = Release|Any CPU
		{65BDACDE-99E9-4403-9E9D-EC119A981D86}.Release|Any CPU.Build.0 = Release|Any CPU
	EndGlobalSection
	GlobalSection(SolutionProperties) = preSolution
		HideSolutionNode = FALSE
	EndGlobalSection
	GlobalSection(ExtensibilityGlobals) = postSolution
		SolutionGuid = {BC17FF39-F504-43EC-BA6C-909172166749}
	EndGlobalSection
EndGlobal
